{
  "nodes": {
    "flake-parts": {
      "inputs": {
        "nixpkgs-lib": "nixpkgs-lib"
      },
      "locked": {
        "lastModified": 1749398372,
        "narHash": "sha256-tYBdgS56eXYaWVW3fsnPQ/nFlgWi/Z2Ymhyu21zVM98=",
        "owner": "hercules-ci",
        "repo": "flake-parts",
        "rev": "9305fe4e5c2a6fcf5ba6a3ff155720fbe4076569",
        "type": "github"
      },
      "original": {
        "owner": "hercules-ci",
        "repo": "flake-parts",
        "type": "github"
      }
    },
    "flake-parts_2": {
      "inputs": {
        "nixpkgs-lib": [
          "nixvim",
          "nixpkgs"
        ]
      },
      "locked": {
        "lastModified": 1749398372,
        "narHash": "sha256-tYBdgS56eXYaWVW3fsnPQ/nFlgWi/Z2Ymhyu21zVM98=",
        "owner": "hercules-ci",
        "repo": "flake-parts",
        "rev": "9305fe4e5c2a6fcf5ba6a3ff155720fbe4076569",
        "type": "github"
      },
      "original": {
        "owner": "hercules-ci",
        "repo": "flake-parts",
        "type": "github"
      }
    },
    "flake-utils": {
      "inputs": {
        "systems": "systems"
      },
      "locked": {
        "lastModified": 1731533236,
        "narHash": "sha256-l0KFg5HjrsfsO/JpG+r7fRrqm12kzFHyUHqHCVpMMbI=",
        "owner": "numtide",
        "repo": "flake-utils",
        "rev": "11707dc2f618dd54ca8739b309ec4fc024de578b",
        "type": "github"
      },
      "original": {
        "owner": "numtide",
        "repo": "flake-utils",
        "type": "github"
      }
    },
    "ixx": {
      "inputs": {
        "flake-utils": [
          "nixvim",
          "nuschtosSearch",
          "flake-utils"
        ],
        "nixpkgs": [
          "nixvim",
          "nuschtosSearch",
          "nixpkgs"
        ]
      },
      "locked": {
        "lastModified": 1748294338,
        "narHash": "sha256-FVO01jdmUNArzBS7NmaktLdGA5qA3lUMJ4B7a05Iynw=",
        "owner": "NuschtOS",
        "repo": "ixx",
        "rev": "cc5f390f7caf265461d4aab37e98d2292ebbdb85",
        "type": "github"
      },
      "original": {
        "owner": "NuschtOS",
        "ref": "v0.0.8",
        "repo": "ixx",
        "type": "github"
      }
    },
    "live-server": {
      "flake": false,
      "locked": {
        "lastModified": 1748547763,
        "narHash": "sha256-QZaJteVD/DD0SA19r1X6lGf4ZXORfMAp+qwk8xRlSmo=",
        "owner": "barrett-ruth",
        "repo": "live-server.nvim",
        "rev": "e8a34bc37fc565c678addbb352a59aa6c1842c2b",
        "type": "github"
      },
      "original": {
        "owner": "barrett-ruth",
        "repo": "live-server.nvim",
        "type": "github"
      }
    },
    "lualine-so-fancy": {
      "flake": false,
      "locked": {
        "lastModified": 1736448743,
        "narHash": "sha256-Ctdt8kCG+4ynpfEHpvUhFQpbhcaLg0hoPX+yPkUQGS0=",
        "owner": "meuter",
        "repo": "lualine-so-fancy.nvim",
        "rev": "6ba7b138f2ca435673eb04c2cf85f0757df69b07",
        "type": "github"
      },
      "original": {
        "owner": "meuter",
        "repo": "lualine-so-fancy.nvim",
        "type": "github"
      }
    },
    "nixpkgs": {
      "locked": {
        "lastModified": 1751011381,
        "narHash": "sha256-krGXKxvkBhnrSC/kGBmg5MyupUUT5R6IBCLEzx9jhMM=",
        "owner": "nixos",
        "repo": "nixpkgs",
        "rev": "30e2e2857ba47844aa71991daa6ed1fc678bcbb7",
        "type": "github"
      },
      "original": {
        "owner": "nixos",
        "ref": "nixos-unstable",
        "repo": "nixpkgs",
        "type": "github"
      }
    },
    "nixpkgs-lib": {
      "locked": {
        "lastModified": 1748740939,
        "narHash": "sha256-rQaysilft1aVMwF14xIdGS3sj1yHlI6oKQNBRTF40cc=",
        "owner": "nix-community",
        "repo": "nixpkgs.lib",
        "rev": "656a64127e9d791a334452c6b6606d17539476e2",
        "type": "github"
      },
      "original": {
        "owner": "nix-community",
        "repo": "nixpkgs.lib",
        "type": "github"
      }
    },
    "nixpkgs_2": {
      "locked": {
        "lastModified": 1750811787,
        "narHash": "sha256-rD/978c35JXz6JLAzciTIOCMenPumF6zrQOj4rVZeHE=",
        "owner": "NixOS",
        "repo": "nixpkgs",
        "rev": "992f916556fcfaa94451ebc7fc6e396134bbf5b1",
        "type": "github"
      },
      "original": {
        "owner": "NixOS",
        "ref": "nixpkgs-unstable",
        "repo": "nixpkgs",
        "type": "github"
      }
    },
    "nixvim": {
      "inputs": {
        "flake-parts": "flake-parts_2",
        "nixpkgs": "nixpkgs_2",
        "nuschtosSearch": "nuschtosSearch",
        "systems": "systems_2"
      },
      "locked": {
        "lastModified": 1751144320,
        "narHash": "sha256-KJsKiGfkfXFB23V26NQ1p+UPsexI6NKtivnrwSlWWdQ=",
        "owner": "nix-community",
        "repo": "nixvim",
        "rev": "ceb52aece5d571b37096945c2815604195a04eb4",
        "type": "github"
      },
      "original": {
        "owner": "nix-community",
        "repo": "nixvim",
        "type": "github"
      }
    },
    "nuschtosSearch": {
      "inputs": {
        "flake-utils": "flake-utils",
        "ixx": "ixx",
        "nixpkgs": [
          "nixvim",
          "nixpkgs"
        ]
      },
      "locked": {
        "lastModified": 1749730855,
        "narHash": "sha256-L3x2nSlFkXkM6tQPLJP3oCBMIsRifhIDPMQQdHO5xWo=",
        "owner": "NuschtOS",
        "repo": "search",
        "rev": "8dfe5879dd009ff4742b668d9c699bc4b9761742",
        "type": "github"
      },
      "original": {
        "owner": "NuschtOS",
        "repo": "search",
        "type": "github"
      }
    },
    "root": {
      "inputs": {
        "flake-parts": "flake-parts",
        "live-server": "live-server",
        "lualine-so-fancy": "lualine-so-fancy",
        "nixpkgs": "nixpkgs",
        "nixvim": "nixvim",
        "sudoku": "sudoku",
        "toggler": "toggler"
      }
    },
    "sudoku": {
      "flake": false,
      "locked": {
        "lastModified": 1702309233,
        "narHash": "sha256-4XNon0MWB03J4WM3mpEy/dZUIIspjtBIyObHjaqWfiQ=",
        "owner": "jim-fx",
        "repo": "sudoku.nvim",
        "rev": "c7dfd2f9fc7108ef3832a02f40a76ab1b2d940ce",
        "type": "github"
      },
      "original": {
        "owner": "jim-fx",
        "repo": "sudoku.nvim",
        "type": "github"
      }
    },
    "systems": {
      "locked": {
        "lastModified": 1681028828,
        "narHash": "sha256-Vy1rq5AaRuLzOxct8nz4T6wlgyUR7zLU309k9mBC768=",
        "owner": "nix-systems",
        "repo": "default",
        "rev": "da67096a3b9bf56a91d16901293e51ba5b49a27e",
        "type": "github"
      },
      "original": {
        "owner": "nix-systems",
        "repo": "default",
        "type": "github"
      }
    },
    "systems_2": {
      "locked": {
        "lastModified": 1681028828,
        "narHash": "sha256-Vy1rq5AaRuLzOxct8nz4T6wlgyUR7zLU309k9mBC768=",
        "owner": "nix-systems",
        "repo": "default",
        "rev": "da67096a3b9bf56a91d16901293e51ba5b49a27e",
        "type": "github"
      },
      "original": {
        "owner": "nix-systems",
        "repo": "default",
        "type": "github"
      }
    },
    "toggler": {
      "flake": false,
      "locked": {
        "lastModified": 1718462352,
        "narHash": "sha256-5+pFsPtA2u1m5tjkJHW9hDb/dM848jdhwnu3OWKgeIU=",
        "owner": "nguyenvukhang",
        "repo": "nvim-toggler",
        "rev": "467808600882fd6c9e33b9dbc4889b1b80cfd917",
        "type": "github"
      },
      "original": {
        "owner": "nguyenvukhang",
        "repo": "nvim-toggler",
        "type": "github"
      }
    }
  },
  "root": "root",
  "version": 7
}
